
Microsoft Visual Studio Solution File, Format Version 12.00
# Visual Studio Version 16
VisualStudioVersion = 16.0.31313.79
MinimumVisualStudioVersion = 10.0.40219.1
Project("{9A19103F-16F7-4668-BE54-9A1E7A4F7556}") = "AltNarrativeWebApi", "LessonCheckerWebApi\AltNarrativeWebApi.csproj", "{3260F458-45E8-417B-8207-9F81E79A7984}"
EndProject
Project("{9A19103F-16F7-4668-BE54-9A1E7A4F7556}") = "LessonChececkerLibrary.Core", "LessonChececkerLibrary.Core\LessonChececkerLibrary.Core.csproj", "{10FCB7B9-76E8-4B69-AD95-32F083A44CA5}"
EndProject
Global
	GlobalSection(SolutionConfigurationPlatforms) = preSolution
		Debug|Any CPU = Debug|Any CPU
		Release|Any CPU = Release|Any CPU
	EndGlobalSection
	GlobalSection(ProjectConfigurationPlatforms) = postSolution
		{3260F458-45E8-417B-8207-9F81E79A7984}.Debug|Any CPU.ActiveCfg = Debug|Any CPU
		{3260F458-45E8-417B-8207-9F81E79A7984}.Debug|Any CPU.Build.0 = Debug|Any CPU
		{3260F458-45E8-417B-8207-9F81E79A7984}.Release|Any CPU.ActiveCfg = Release|Any CPU
		{3260F458-45E8-417B-8207-9F81E79A7984}.Release|Any CPU.Build.0 = Release|Any CPU
		{10FCB7B9-76E8-4B69-AD95-32F083A44CA5}.Debug|Any CPU.ActiveCfg = Debug|Any CPU
		{10FCB7B9-76E8-4B69-AD95-32F083A44CA5}.Debug|Any CPU.Build.0 = Debug|Any CPU
		{10FCB7B9-76E8-4B69-AD95-32F083A44CA5}.Release|Any CPU.ActiveCfg = Release|Any CPU
		{10FCB7B9-76E8-4B69-AD95-32F083A44CA5}.Release|Any CPU.Build.0 = Release|Any CPU
	EndGlobalSection
	GlobalSection(SolutionProperties) = preSolution
		HideSolutionNode = FALSE
	EndGlobalSection
	GlobalSection(ExtensibilityGlobals) = postSolution
		SolutionGuid = {C8D90ABE-7C6E-4381-A463-A63FA8BB569A}
	EndGlobalSection
EndGlobal
